
Microsoft Visual Studio Solution File, Format Version 12.00
# Visual Studio 15
VisualStudioVersion = 15.0.27703.2042
MinimumVisualStudioVersion = 10.0.40219.1
Project("{FAE04EC0-301F-11D3-BF4B-00C04F79EFBC}") = "DZ 8.02.2019", "DZ 8.02.2019\DZ 8.02.2019.csproj", "{FC4C749A-D796-4455-95F8-679DC4A1DF2D}"
EndProject
Global
	GlobalSection(SolutionConfigurationPlatforms) = preSolution
		Debug|Any CPU = Debug|Any CPU
		Release|Any CPU = Release|Any CPU
	EndGlobalSection
	GlobalSection(ProjectConfigurationPlatforms) = postSolution
		{FC4C749A-D796-4455-95F8-679DC4A1DF2D}.Debug|Any CPU.ActiveCfg = Debug|Any CPU
		{FC4C749A-D796-4455-95F8-679DC4A1DF2D}.Debug|Any CPU.Build.0 = Debug|Any CPU
		{FC4C749A-D796-4455-95F8-679DC4A1DF2D}.Release|Any CPU.ActiveCfg = Release|Any CPU
		{FC4C749A-D796-4455-95F8-679DC4A1DF2D}.Release|Any CPU.Build.0 = Release|Any CPU
	EndGlobalSection
	GlobalSection(SolutionProperties) = preSolution
		HideSolutionNode = FALSE
	EndGlobalSection
	GlobalSection(ExtensibilityGlobals) = postSolution
		SolutionGuid = {13D438E3-89EF-47CC-BCF7-4694E8F6A403}
	EndGlobalSection
EndGlobal
